
Microsoft Visual Studio Solution File, Format Version 12.00
# Visual Studio 15
VisualStudioVersion = 15.0.26730.12
MinimumVisualStudioVersion = 10.0.40219.1
Project("{F2A71F9B-5D33-465A-A702-920D77279786}") = "Changelog.Provider", "src\Changelog.Provider\Changelog.Provider.fsproj", "{08CF6EE4-DA30-4A41-9C59-CD72B784AD96}"
EndProject
Project("{FAE04EC0-301F-11D3-BF4B-00C04F79EFBC}") = "Suave", "examples\Suave\Suave.fsproj", "{6EEBA1F2-6777-44B4-B04B-7006643C0894}"
EndProject
Project("{FAE04EC0-301F-11D3-BF4B-00C04F79EFBC}") = "PreCompiledFunction", "examples\PreCompiledFunction\PreCompiledFunction.fsproj", "{647E7FE5-A8C9-47A7-9237-F3BA704C75A3}"
EndProject
Global
	GlobalSection(SolutionConfigurationPlatforms) = preSolution
		Debug|Any CPU = Debug|Any CPU
		Release|Any CPU = Release|Any CPU
	EndGlobalSection
	GlobalSection(ProjectConfigurationPlatforms) = postSolution
		{08CF6EE4-DA30-4A41-9C59-CD72B784AD96}.Debug|Any CPU.ActiveCfg = Debug|Any CPU
		{08CF6EE4-DA30-4A41-9C59-CD72B784AD96}.Debug|Any CPU.Build.0 = Debug|Any CPU
		{08CF6EE4-DA30-4A41-9C59-CD72B784AD96}.Release|Any CPU.ActiveCfg = Release|Any CPU
		{08CF6EE4-DA30-4A41-9C59-CD72B784AD96}.Release|Any CPU.Build.0 = Release|Any CPU
		{6EEBA1F2-6777-44B4-B04B-7006643C0894}.Debug|Any CPU.ActiveCfg = Debug|Any CPU
		{6EEBA1F2-6777-44B4-B04B-7006643C0894}.Debug|Any CPU.Build.0 = Debug|Any CPU
		{6EEBA1F2-6777-44B4-B04B-7006643C0894}.Release|Any CPU.ActiveCfg = Release|Any CPU
		{6EEBA1F2-6777-44B4-B04B-7006643C0894}.Release|Any CPU.Build.0 = Release|Any CPU
		{647E7FE5-A8C9-47A7-9237-F3BA704C75A3}.Debug|Any CPU.ActiveCfg = Debug|Any CPU
		{647E7FE5-A8C9-47A7-9237-F3BA704C75A3}.Debug|Any CPU.Build.0 = Debug|Any CPU
		{647E7FE5-A8C9-47A7-9237-F3BA704C75A3}.Release|Any CPU.ActiveCfg = Release|Any CPU
		{647E7FE5-A8C9-47A7-9237-F3BA704C75A3}.Release|Any CPU.Build.0 = Release|Any CPU
	EndGlobalSection
	GlobalSection(SolutionProperties) = preSolution
		HideSolutionNode = FALSE
	EndGlobalSection
	GlobalSection(ExtensibilityGlobals) = postSolution
		SolutionGuid = {542C611B-AE90-4C09-8C99-BA9E9B82F538}
	EndGlobalSection
EndGlobal
